
Microsoft Visual Studio Solution File, Format Version 12.00
# Visual Studio Version 17
VisualStudioVersion = 17.5.33627.172
MinimumVisualStudioVersion = 10.0.40219.1
Project("{FAE04EC0-301F-11D3-BF4B-00C04F79EFBC}") = "Gestion donner personne", "Gestion donner personne.csproj", "{1F00E4B4-6C8D-4F1F-AFDF-9D7111DA10E9}"
EndProject
Global
	GlobalSection(SolutionConfigurationPlatforms) = preSolution
		Debug|Any CPU = Debug|Any CPU
		Release|Any CPU = Release|Any CPU
	EndGlobalSection
	GlobalSection(ProjectConfigurationPlatforms) = postSolution
		{1F00E4B4-6C8D-4F1F-AFDF-9D7111DA10E9}.Debug|Any CPU.ActiveCfg = Debug|Any CPU
		{1F00E4B4-6C8D-4F1F-AFDF-9D7111DA10E9}.Debug|Any CPU.Build.0 = Debug|Any CPU
		{1F00E4B4-6C8D-4F1F-AFDF-9D7111DA10E9}.Release|Any CPU.ActiveCfg = Release|Any CPU
		{1F00E4B4-6C8D-4F1F-AFDF-9D7111DA10E9}.Release|Any CPU.Build.0 = Release|Any CPU
	EndGlobalSection
	GlobalSection(SolutionProperties) = preSolution
		HideSolutionNode = FALSE
	EndGlobalSection
	GlobalSection(ExtensibilityGlobals) = postSolution
		SolutionGuid = {78A765CF-67B6-4B91-8E00-DF3DCDBB23FA}
	EndGlobalSection
EndGlobal
